
Microsoft Visual Studio Solution File, Format Version 12.00
# Visual Studio Version 17
VisualStudioVersion = 17.7.34031.279
MinimumVisualStudioVersion = 10.0.40219.1
Project("{2150E333-8FDC-42A3-9474-1A3956D46DE8}") = "ChainOfResponsibilityDesignPattern", "ChainOfResponsibilityDesignPattern", "{71039CD0-E6A1-4BAB-AA74-2E634D3C2C46}"
EndProject
Project("{9A19103F-16F7-4668-BE54-9A1E7A4F7556}") = "DesignPattern.ChainOfResponsibility", "ChainOfResponsibilityDesignPattern\DesignPattern.ChainOfResponsibility\DesignPattern.ChainOfResponsibility.csproj", "{BE7A89B7-CF32-4943-B88F-EFD522AA0B90}"
EndProject
Project("{2150E333-8FDC-42A3-9474-1A3956D46DE8}") = "CQRSDesignPattern", "CQRSDesignPattern", "{19BCFBE9-AB31-49C7-B262-187A99DB2BD3}"
EndProject
Project("{9A19103F-16F7-4668-BE54-9A1E7A4F7556}") = "DesignPattern.CQRS", "CQRSDesignPattern\DesignPattern.CQRS\DesignPattern.CQRS.csproj", "{49935B17-546E-4160-A4B5-B8E3BD2558F3}"
EndProject
Project("{2150E333-8FDC-42A3-9474-1A3956D46DE8}") = "TemplateMethodDesignPattern", "TemplateMethodDesignPattern", "{01395206-A448-4FFD-B1BA-E6875EA8EFD8}"
EndProject
Project("{9A19103F-16F7-4668-BE54-9A1E7A4F7556}") = "DesignPattern.TemplateMethod", "TemplateMethodDesignPattern\DesignPattern.TemplateMethod\DesignPattern.TemplateMethod.csproj", "{6DE80343-2540-4633-927F-EBF9CDB1B48A}"
EndProject
Project("{2150E333-8FDC-42A3-9474-1A3956D46DE8}") = "ObserverDesignPattern", "ObserverDesignPattern", "{AF969E88-DF85-4A7C-AF0A-EAA287AEB583}"
EndProject
Project("{9A19103F-16F7-4668-BE54-9A1E7A4F7556}") = "DesignPattern.Observer", "ObserverDesignPattern\DesignPattern.Observer\DesignPattern.Observer.csproj", "{E5896303-298D-4890-8114-57B1486FA639}"
EndProject
Project("{2150E333-8FDC-42A3-9474-1A3956D46DE8}") = "UnitOfWorkDesignPattern", "UnitOfWorkDesignPattern", "{73B86028-5024-4267-A5E3-5992D184E624}"
EndProject
Project("{9A19103F-16F7-4668-BE54-9A1E7A4F7556}") = "DesignPattern.UnitOfWork", "UnitOfWorkDesignPattern\DesignPattern.UnitOfWork\DesignPattern.UnitOfWork.csproj", "{8834A16F-0B96-47D1-900A-21759793F332}"
EndProject
Project("{9A19103F-16F7-4668-BE54-9A1E7A4F7556}") = "DesignPattern.EntityLayer", "UnitOfWorkDesignPattern\DesignPattern.EntityLayer\DesignPattern.EntityLayer.csproj", "{320F9DE2-208D-4D07-927B-9A39B5FE0564}"
EndProject
Project("{9A19103F-16F7-4668-BE54-9A1E7A4F7556}") = "DesignPattern.DataAccessLayer", "UnitOfWorkDesignPattern\DesignPattern.DataAccessLayer\DesignPattern.DataAccessLayer.csproj", "{6FF725BB-3186-4F08-8437-5AFE119BF763}"
EndProject
Project("{9A19103F-16F7-4668-BE54-9A1E7A4F7556}") = "DesignPattern.BusinessLayer", "UnitOfWorkDesignPattern\DesignPattern.BusinessLayer\DesignPattern.BusinessLayer.csproj", "{855AD217-EB42-4D41-ADF8-DB213517663E}"
EndProject
Project("{2150E333-8FDC-42A3-9474-1A3956D46DE8}") = "RepositoryDesignPattern", "RepositoryDesignPattern", "{137E0726-A98D-4DC8-91A3-31D48316CA0B}"
EndProject
Project("{9A19103F-16F7-4668-BE54-9A1E7A4F7556}") = "RepositoryDesignPattern.EntityLayer", "RepositoryDesignPattern\RepositoryDesignPattern.EntityLayer\RepositoryDesignPattern.EntityLayer.csproj", "{72E145CC-24DF-4AD9-A1FF-9401E680706E}"
EndProject
Project("{9A19103F-16F7-4668-BE54-9A1E7A4F7556}") = "RepositoryDesignPattern.DataAccessLayer", "RepositoryDesignPattern\RepositoryDesignPattern.DataAccessLayer\RepositoryDesignPattern.DataAccessLayer.csproj", "{18424BE2-B44F-4B90-AF7F-BD1055776820}"
EndProject
Project("{9A19103F-16F7-4668-BE54-9A1E7A4F7556}") = "RepositoryDesignPattern.BusinessLayer", "RepositoryDesignPattern\RepositoryDesignPattern.BusinessLayer\RepositoryDesignPattern.BusinessLayer.csproj", "{38FA2B2C-6170-4F6C-9C37-0B70755B559B}"
EndProject
Project("{9A19103F-16F7-4668-BE54-9A1E7A4F7556}") = "RepositoryDesignPattern.PresentationLayer", "RepositoryDesignPattern\RepositoryDesignPattern.PresentationLayer\RepositoryDesignPattern.PresentationLayer.csproj", "{D385EA7E-9A22-4FC7-98CA-81285D46AF82}"
EndProject
Project("{2150E333-8FDC-42A3-9474-1A3956D46DE8}") = "CompositeDesignPattern", "CompositeDesignPattern", "{61128C28-2BF8-4FDC-B872-F2123D414A16}"
EndProject
Project("{FAE04EC0-301F-11D3-BF4B-00C04F79EFBC}") = "DesignPattern.Composite", "CompositeDesignPattern\DesignPattern.Composite\DesignPattern.Composite.csproj", "{F73EC60C-57E8-4CE0-BAC9-F4ED83612724}"
EndProject
Global
	GlobalSection(SolutionConfigurationPlatforms) = preSolution
		Debug|Any CPU = Debug|Any CPU
		Release|Any CPU = Release|Any CPU
	EndGlobalSection
	GlobalSection(ProjectConfigurationPlatforms) = postSolution
		{BE7A89B7-CF32-4943-B88F-EFD522AA0B90}.Debug|Any CPU.ActiveCfg = Debug|Any CPU
		{BE7A89B7-CF32-4943-B88F-EFD522AA0B90}.Debug|Any CPU.Build.0 = Debug|Any CPU
		{BE7A89B7-CF32-4943-B88F-EFD522AA0B90}.Release|Any CPU.ActiveCfg = Release|Any CPU
		{BE7A89B7-CF32-4943-B88F-EFD522AA0B90}.Release|Any CPU.Build.0 = Release|Any CPU
		{49935B17-546E-4160-A4B5-B8E3BD2558F3}.Debug|Any CPU.ActiveCfg = Debug|Any CPU
		{49935B17-546E-4160-A4B5-B8E3BD2558F3}.Debug|Any CPU.Build.0 = Debug|Any CPU
		{49935B17-546E-4160-A4B5-B8E3BD2558F3}.Release|Any CPU.ActiveCfg = Release|Any CPU
		{49935B17-546E-4160-A4B5-B8E3BD2558F3}.Release|Any CPU.Build.0 = Release|Any CPU
		{6DE80343-2540-4633-927F-EBF9CDB1B48A}.Debug|Any CPU.ActiveCfg = Debug|Any CPU
		{6DE80343-2540-4633-927F-EBF9CDB1B48A}.Debug|Any CPU.Build.0 = Debug|Any CPU
		{6DE80343-2540-4633-927F-EBF9CDB1B48A}.Release|Any CPU.ActiveCfg = Release|Any CPU
		{6DE80343-2540-4633-927F-EBF9CDB1B48A}.Release|Any CPU.Build.0 = Release|Any CPU
		{E5896303-298D-4890-8114-57B1486FA639}.Debug|Any CPU.ActiveCfg = Debug|Any CPU
		{E5896303-298D-4890-8114-57B1486FA639}.Debug|Any CPU.Build.0 = Debug|Any CPU
		{E5896303-298D-4890-8114-57B1486FA639}.Release|Any CPU.ActiveCfg = Release|Any CPU
		{E5896303-298D-4890-8114-57B1486FA639}.Release|Any CPU.Build.0 = Release|Any CPU
		{8834A16F-0B96-47D1-900A-21759793F332}.Debug|Any CPU.ActiveCfg = Debug|Any CPU
		{8834A16F-0B96-47D1-900A-21759793F332}.Debug|Any CPU.Build.0 = Debug|Any CPU
		{8834A16F-0B96-47D1-900A-21759793F332}.Release|Any CPU.ActiveCfg = Release|Any CPU
		{8834A16F-0B96-47D1-900A-21759793F332}.Release|Any CPU.Build.0 = Release|Any CPU
		{320F9DE2-208D-4D07-927B-9A39B5FE0564}.Debug|Any CPU.ActiveCfg = Debug|Any CPU
		{320F9DE2-208D-4D07-927B-9A39B5FE0564}.Debug|Any CPU.Build.0 = Debug|Any CPU
		{320F9DE2-208D-4D07-927B-9A39B5FE0564}.Release|Any CPU.ActiveCfg = Release|Any CPU
		{320F9DE2-208D-4D07-927B-9A39B5FE0564}.Release|Any CPU.Build.0 = Release|Any CPU
		{6FF725BB-3186-4F08-8437-5AFE119BF763}.Debug|Any CPU.ActiveCfg = Debug|Any CPU
		{6FF725BB-3186-4F08-8437-5AFE119BF763}.Debug|Any CPU.Build.0 = Debug|Any CPU
		{6FF725BB-3186-4F08-8437-5AFE119BF763}.Release|Any CPU.ActiveCfg = Release|Any CPU
		{6FF725BB-3186-4F08-8437-5AFE119BF763}.Release|Any CPU.Build.0 = Release|Any CPU
		{855AD217-EB42-4D41-ADF8-DB213517663E}.Debug|Any CPU.ActiveCfg = Debug|Any CPU
		{855AD217-EB42-4D41-ADF8-DB213517663E}.Debug|Any CPU.Build.0 = Debug|Any CPU
		{855AD217-EB42-4D41-ADF8-DB213517663E}.Release|Any CPU.ActiveCfg = Release|Any CPU
		{855AD217-EB42-4D41-ADF8-DB213517663E}.Release|Any CPU.Build.0 = Release|Any CPU
		{72E145CC-24DF-4AD9-A1FF-9401E680706E}.Debug|Any CPU.ActiveCfg = Debug|Any CPU
		{72E145CC-24DF-4AD9-A1FF-9401E680706E}.Debug|Any CPU.Build.0 = Debug|Any CPU
		{72E145CC-24DF-4AD9-A1FF-9401E680706E}.Release|Any CPU.ActiveCfg = Release|Any CPU
		{72E145CC-24DF-4AD9-A1FF-9401E680706E}.Release|Any CPU.Build.0 = Release|Any CPU
		{18424BE2-B44F-4B90-AF7F-BD1055776820}.Debug|Any CPU.ActiveCfg = Debug|Any CPU
		{18424BE2-B44F-4B90-AF7F-BD1055776820}.Debug|Any CPU.Build.0 = Debug|Any CPU
		{18424BE2-B44F-4B90-AF7F-BD1055776820}.Release|Any CPU.ActiveCfg = Release|Any CPU
		{18424BE2-B44F-4B90-AF7F-BD1055776820}.Release|Any CPU.Build.0 = Release|Any CPU
		{38FA2B2C-6170-4F6C-9C37-0B70755B559B}.Debug|Any CPU.ActiveCfg = Debug|Any CPU
		{38FA2B2C-6170-4F6C-9C37-0B70755B559B}.Debug|Any CPU.Build.0 = Debug|Any CPU
		{38FA2B2C-6170-4F6C-9C37-0B70755B559B}.Release|Any CPU.ActiveCfg = Release|Any CPU
		{38FA2B2C-6170-4F6C-9C37-0B70755B559B}.Release|Any CPU.Build.0 = Release|Any CPU
		{D385EA7E-9A22-4FC7-98CA-81285D46AF82}.Debug|Any CPU.ActiveCfg = Debug|Any CPU
		{D385EA7E-9A22-4FC7-98CA-81285D46AF82}.Debug|Any CPU.Build.0 = Debug|Any CPU
		{D385EA7E-9A22-4FC7-98CA-81285D46AF82}.Release|Any CPU.ActiveCfg = Release|Any CPU
		{D385EA7E-9A22-4FC7-98CA-81285D46AF82}.Release|Any CPU.Build.0 = Release|Any CPU
		{F73EC60C-57E8-4CE0-BAC9-F4ED83612724}.Debug|Any CPU.ActiveCfg = Debug|Any CPU
		{F73EC60C-57E8-4CE0-BAC9-F4ED83612724}.Debug|Any CPU.Build.0 = Debug|Any CPU
		{F73EC60C-57E8-4CE0-BAC9-F4ED83612724}.Release|Any CPU.ActiveCfg = Release|Any CPU
		{F73EC60C-57E8-4CE0-BAC9-F4ED83612724}.Release|Any CPU.Build.0 = Release|Any CPU
	EndGlobalSection
	GlobalSection(SolutionProperties) = preSolution
		HideSolutionNode = FALSE
	EndGlobalSection
	GlobalSection(NestedProjects) = preSolution
		{BE7A89B7-CF32-4943-B88F-EFD522AA0B90} = {71039CD0-E6A1-4BAB-AA74-2E634D3C2C46}
		{49935B17-546E-4160-A4B5-B8E3BD2558F3} = {19BCFBE9-AB31-49C7-B262-187A99DB2BD3}
		{6DE80343-2540-4633-927F-EBF9CDB1B48A} = {01395206-A448-4FFD-B1BA-E6875EA8EFD8}
		{E5896303-298D-4890-8114-57B1486FA639} = {AF969E88-DF85-4A7C-AF0A-EAA287AEB583}
		{8834A16F-0B96-47D1-900A-21759793F332} = {73B86028-5024-4267-A5E3-5992D184E624}
		{320F9DE2-208D-4D07-927B-9A39B5FE0564} = {73B86028-5024-4267-A5E3-5992D184E624}
		{6FF725BB-3186-4F08-8437-5AFE119BF763} = {73B86028-5024-4267-A5E3-5992D184E624}
		{855AD217-EB42-4D41-ADF8-DB213517663E} = {73B86028-5024-4267-A5E3-5992D184E624}
		{72E145CC-24DF-4AD9-A1FF-9401E680706E} = {137E0726-A98D-4DC8-91A3-31D48316CA0B}
		{18424BE2-B44F-4B90-AF7F-BD1055776820} = {137E0726-A98D-4DC8-91A3-31D48316CA0B}
		{38FA2B2C-6170-4F6C-9C37-0B70755B559B} = {137E0726-A98D-4DC8-91A3-31D48316CA0B}
		{D385EA7E-9A22-4FC7-98CA-81285D46AF82} = {137E0726-A98D-4DC8-91A3-31D48316CA0B}
		{F73EC60C-57E8-4CE0-BAC9-F4ED83612724} = {61128C28-2BF8-4FDC-B872-F2123D414A16}
	EndGlobalSection
	GlobalSection(ExtensibilityGlobals) = postSolution
		SolutionGuid = {009C68A0-9FE4-4E46-A6A7-99AD0DBDA889}
	EndGlobalSection
EndGlobal
